
Microsoft Visual Studio Solution File, Format Version 12.00
# Visual Studio 15
VisualStudioVersion = 15.0.28307.1169
MinimumVisualStudioVersion = 10.0.40219.1
Project("{FAE04EC0-301F-11D3-BF4B-00C04F79EFBC}") = "StoreFront.UI.MVC", "..\StoreFront.UI.MVC\StoreFront.UI.MVC.csproj", "{5465D99D-0D35-451C-8F2E-C43028EF0AB6}"
EndProject
Global
	GlobalSection(SolutionConfigurationPlatforms) = preSolution
		Debug|Any CPU = Debug|Any CPU
		Release|Any CPU = Release|Any CPU
	EndGlobalSection
	GlobalSection(ProjectConfigurationPlatforms) = postSolution
		{5465D99D-0D35-451C-8F2E-C43028EF0AB6}.Debug|Any CPU.ActiveCfg = Debug|Any CPU
		{5465D99D-0D35-451C-8F2E-C43028EF0AB6}.Debug|Any CPU.Build.0 = Debug|Any CPU
		{5465D99D-0D35-451C-8F2E-C43028EF0AB6}.Release|Any CPU.ActiveCfg = Release|Any CPU
		{5465D99D-0D35-451C-8F2E-C43028EF0AB6}.Release|Any CPU.Build.0 = Release|Any CPU
	EndGlobalSection
	GlobalSection(SolutionProperties) = preSolution
		HideSolutionNode = FALSE
	EndGlobalSection
	GlobalSection(ExtensibilityGlobals) = postSolution
		SolutionGuid = {5B58F950-D731-4AB9-9868-9AFB7FC38463}
	EndGlobalSection
EndGlobal
